// !$*UTF8*$!
{
	archiveVersion = 1;
	classes = {
	};
	objectVersion = 55;
	objects = {

/* Begin PBXBuildFile section */
		51CD64AE28D016E4009A6D66 /* AppDelegate.swift in Sources */ = {isa = PBXBuildFile; fileRef = 51CD64AD28D016E4009A6D66 /* AppDelegate.swift */; };
		51CD64B028D016E4009A6D66 /* SceneDelegate.swift in Sources */ = {isa = PBXBuildFile; fileRef = 51CD64AF28D016E4009A6D66 /* SceneDelegate.swift */; };
		51CD64B228D016E4009A6D66 /* HomeViewController.swift in Sources */ = {isa = PBXBuildFile; fileRef = 51CD64B128D016E4009A6D66 /* HomeViewController.swift */; };
		51CD64B528D016E4009A6D66 /* Main.storyboard in Resources */ = {isa = PBXBuildFile; fileRef = 51CD64B328D016E4009A6D66 /* Main.storyboard */; };
		51CD64B728D016E7009A6D66 /* Assets.xcassets in Resources */ = {isa = PBXBuildFile; fileRef = 51CD64B628D016E7009A6D66 /* Assets.xcassets */; };
		51CD64BA28D016E7009A6D66 /* LaunchScreen.storyboard in Resources */ = {isa = PBXBuildFile; fileRef = 51CD64B828D016E7009A6D66 /* LaunchScreen.storyboard */; };
		51CD64C528D016E7009A6D66 /* StarbucksHomeScreenRemakeTests.swift in Sources */ = {isa = PBXBuildFile; fileRef = 51CD64C428D016E7009A6D66 /* StarbucksHomeScreenRemakeTests.swift */; };
		51CD64CF28D016E7009A6D66 /* StarbucksHomeScreenRemakeUITests.swift in Sources */ = {isa = PBXBuildFile; fileRef = 51CD64CE28D016E7009A6D66 /* StarbucksHomeScreenRemakeUITests.swift */; };
		51CD64D128D016E7009A6D66 /* StarbucksHomeScreenRemakeUITestsLaunchTests.swift in Sources */ = {isa = PBXBuildFile; fileRef = 51CD64D028D016E7009A6D66 /* StarbucksHomeScreenRemakeUITestsLaunchTests.swift */; };
		51CD64E128D02014009A6D66 /* ScanViewController.swift in Sources */ = {isa = PBXBuildFile; fileRef = 51CD64E028D02014009A6D66 /* ScanViewController.swift */; };
		51CD64E328D0272F009A6D66 /* MainTabBarController.swift in Sources */ = {isa = PBXBuildFile; fileRef = 51CD64E228D0272F009A6D66 /* MainTabBarController.swift */; };
		51CD64E628D056D8009A6D66 /* HomeHeaderView.swift in Sources */ = {isa = PBXBuildFile; fileRef = 51CD64E528D056D8009A6D66 /* HomeHeaderView.swift */; };
		51CD64E828D08C48009A6D66 /* Factories.swift in Sources */ = {isa = PBXBuildFile; fileRef = 51CD64E728D08C47009A6D66 /* Factories.swift */; };
		51CD64EA28D15725009A6D66 /* PlaceholderVc.swift in Sources */ = {isa = PBXBuildFile; fileRef = 51CD64E928D15725009A6D66 /* PlaceholderVc.swift */; };
		51CD64EC28D1714B009A6D66 /* TileViewController.swift in Sources */ = {isa = PBXBuildFile; fileRef = 51CD64EB28D1714B009A6D66 /* TileViewController.swift */; };
		51CD64EE28D17255009A6D66 /* TileView.swift in Sources */ = {isa = PBXBuildFile; fileRef = 51CD64ED28D17255009A6D66 /* TileView.swift */; };
		51D9F9B128D2B479009672C1 /* RewardsTileViewController.swift in Sources */ = {isa = PBXBuildFile; fileRef = 51D9F9B028D2B479009672C1 /* RewardsTileViewController.swift */; };
		51D9F9B328D2B48B009672C1 /* RewardTileView.swift in Sources */ = {isa = PBXBuildFile; fileRef = 51D9F9B228D2B48B009672C1 /* RewardTileView.swift */; };
		51D9F9B528D2BAE3009672C1 /* BalanceView.swift in Sources */ = {isa = PBXBuildFile; fileRef = 51D9F9B428D2BAE3009672C1 /* BalanceView.swift */; };
		51D9F9B728D4096A009672C1 /* RewardsGraphView.swift in Sources */ = {isa = PBXBuildFile; fileRef = 51D9F9B628D4096A009672C1 /* RewardsGraphView.swift */; };
		51D9F9BA28D4414B009672C1 /* StarAndPoints.swift in Sources */ = {isa = PBXBuildFile; fileRef = 51D9F9B928D4414B009672C1 /* StarAndPoints.swift */; };
		51D9F9BC28D44622009672C1 /* StarRewardsRow.swift in Sources */ = {isa = PBXBuildFile; fileRef = 51D9F9BB28D44622009672C1 /* StarRewardsRow.swift */; };
		51D9F9BE28D44E2E009672C1 /* StarRewardsView.swift in Sources */ = {isa = PBXBuildFile; fileRef = 51D9F9BD28D44E2E009672C1 /* StarRewardsView.swift */; };
/* End PBXBuildFile section */

/* Begin PBXContainerItemProxy section */
		51CD64C128D016E7009A6D66 /* PBXContainerItemProxy */ = {
			isa = PBXContainerItemProxy;
			containerPortal = 51CD64A228D016E4009A6D66 /* Project object */;
			proxyType = 1;
			remoteGlobalIDString = 51CD64A928D016E4009A6D66;
			remoteInfo = StarbucksHomeScreenRemake;
		};
		51CD64CB28D016E7009A6D66 /* PBXContainerItemProxy */ = {
			isa = PBXContainerItemProxy;
			containerPortal = 51CD64A228D016E4009A6D66 /* Project object */;
			proxyType = 1;
			remoteGlobalIDString = 51CD64A928D016E4009A6D66;
			remoteInfo = StarbucksHomeScreenRemake;
		};
/* End PBXContainerItemProxy section */

/* Begin PBXFileReference section */
		51CD64AA28D016E4009A6D66 /* StarbucksHomeScreenRemake.app */ = {isa = PBXFileReference; explicitFileType = wrapper.application; includeInIndex = 0; path = StarbucksHomeScreenRemake.app; sourceTree = BUILT_PRODUCTS_DIR; };
		51CD64AD28D016E4009A6D66 /* AppDelegate.swift */ = {isa = PBXFileReference; lastKnownFileType = sourcecode.swift; path = AppDelegate.swift; sourceTree = "<group>"; };
		51CD64AF28D016E4009A6D66 /* SceneDelegate.swift */ = {isa = PBXFileReference; lastKnownFileType = sourcecode.swift; path = SceneDelegate.swift; sourceTree = "<group>"; };
		51CD64B128D016E4009A6D66 /* HomeViewController.swift */ = {isa = PBXFileReference; lastKnownFileType = sourcecode.swift; path = HomeViewController.swift; sourceTree = "<group>"; };
		51CD64B428D016E4009A6D66 /* Base */ = {isa = PBXFileReference; lastKnownFileType = file.storyboard; name = Base; path = Base.lproj/Main.storyboard; sourceTree = "<group>"; };
		51CD64B628D016E7009A6D66 /* Assets.xcassets */ = {isa = PBXFileReference; lastKnownFileType = folder.assetcatalog; path = Assets.xcassets; sourceTree = "<group>"; };
		51CD64B928D016E7009A6D66 /* Base */ = {isa = PBXFileReference; lastKnownFileType = file.storyboard; name = Base; path = Base.lproj/LaunchScreen.storyboard; sourceTree = "<group>"; };
		51CD64BB28D016E7009A6D66 /* Info.plist */ = {isa = PBXFileReference; lastKnownFileType = text.plist.xml; path = Info.plist; sourceTree = "<group>"; };
		51CD64C028D016E7009A6D66 /* StarbucksHomeScreenRemakeTests.xctest */ = {isa = PBXFileReference; explicitFileType = wrapper.cfbundle; includeInIndex = 0; path = StarbucksHomeScreenRemakeTests.xctest; sourceTree = BUILT_PRODUCTS_DIR; };
		51CD64C428D016E7009A6D66 /* StarbucksHomeScreenRemakeTests.swift */ = {isa = PBXFileReference; lastKnownFileType = sourcecode.swift; path = StarbucksHomeScreenRemakeTests.swift; sourceTree = "<group>"; };
		51CD64CA28D016E7009A6D66 /* StarbucksHomeScreenRemakeUITests.xctest */ = {isa = PBXFileReference; explicitFileType = wrapper.cfbundle; includeInIndex = 0; path = StarbucksHomeScreenRemakeUITests.xctest; sourceTree = BUILT_PRODUCTS_DIR; };
		51CD64CE28D016E7009A6D66 /* StarbucksHomeScreenRemakeUITests.swift */ = {isa = PBXFileReference; lastKnownFileType = sourcecode.swift; path = StarbucksHomeScreenRemakeUITests.swift; sourceTree = "<group>"; };
		51CD64D028D016E7009A6D66 /* StarbucksHomeScreenRemakeUITestsLaunchTests.swift */ = {isa = PBXFileReference; lastKnownFileType = sourcecode.swift; path = StarbucksHomeScreenRemakeUITestsLaunchTests.swift; sourceTree = "<group>"; };
		51CD64E028D02014009A6D66 /* ScanViewController.swift */ = {isa = PBXFileReference; lastKnownFileType = sourcecode.swift; path = ScanViewController.swift; sourceTree = "<group>"; };
		51CD64E228D0272F009A6D66 /* MainTabBarController.swift */ = {isa = PBXFileReference; lastKnownFileType = sourcecode.swift; path = MainTabBarController.swift; sourceTree = "<group>"; };
		51CD64E528D056D8009A6D66 /* HomeHeaderView.swift */ = {isa = PBXFileReference; lastKnownFileType = sourcecode.swift; path = HomeHeaderView.swift; sourceTree = "<group>"; };
		51CD64E728D08C47009A6D66 /* Factories.swift */ = {isa = PBXFileReference; lastKnownFileType = sourcecode.swift; path = Factories.swift; sourceTree = "<group>"; };
		51CD64E928D15725009A6D66 /* PlaceholderVc.swift */ = {isa = PBXFileReference; lastKnownFileType = sourcecode.swift; path = PlaceholderVc.swift; sourceTree = "<group>"; };
		51CD64EB28D1714B009A6D66 /* TileViewController.swift */ = {isa = PBXFileReference; lastKnownFileType = sourcecode.swift; path = TileViewController.swift; sourceTree = "<group>"; };
		51CD64ED28D17255009A6D66 /* TileView.swift */ = {isa = PBXFileReference; lastKnownFileType = sourcecode.swift; path = TileView.swift; sourceTree = "<group>"; };
		51D9F9B028D2B479009672C1 /* RewardsTileViewController.swift */ = {isa = PBXFileReference; lastKnownFileType = sourcecode.swift; path = RewardsTileViewController.swift; sourceTree = "<group>"; };
		51D9F9B228D2B48B009672C1 /* RewardTileView.swift */ = {isa = PBXFileReference; lastKnownFileType = sourcecode.swift; path = RewardTileView.swift; sourceTree = "<group>"; };
		51D9F9B428D2BAE3009672C1 /* BalanceView.swift */ = {isa = PBXFileReference; lastKnownFileType = sourcecode.swift; path = BalanceView.swift; sourceTree = "<group>"; };
		51D9F9B628D4096A009672C1 /* RewardsGraphView.swift */ = {isa = PBXFileReference; lastKnownFileType = sourcecode.swift; path = RewardsGraphView.swift; sourceTree = "<group>"; };
		51D9F9B928D4414B009672C1 /* StarAndPoints.swift */ = {isa = PBXFileReference; lastKnownFileType = sourcecode.swift; path = StarAndPoints.swift; sourceTree = "<group>"; };
		51D9F9BB28D44622009672C1 /* StarRewardsRow.swift */ = {isa = PBXFileReference; lastKnownFileType = sourcecode.swift; path = StarRewardsRow.swift; sourceTree = "<group>"; };
		51D9F9BD28D44E2E009672C1 /* StarRewardsView.swift */ = {isa = PBXFileReference; lastKnownFileType = sourcecode.swift; path = StarRewardsView.swift; sourceTree = "<group>"; };
/* End PBXFileReference section */

/* Begin PBXFrameworksBuildPhase section */
		51CD64A728D016E4009A6D66 /* Frameworks */ = {
			isa = PBXFrameworksBuildPhase;
			buildActionMask = 2147483647;
			files = (
			);
			runOnlyForDeploymentPostprocessing = 0;
		};
		51CD64BD28D016E7009A6D66 /* Frameworks */ = {
			isa = PBXFrameworksBuildPhase;
			buildActionMask = 2147483647;
			files = (
			);
			runOnlyForDeploymentPostprocessing = 0;
		};
		51CD64C728D016E7009A6D66 /* Frameworks */ = {
			isa = PBXFrameworksBuildPhase;
			buildActionMask = 2147483647;
			files = (
			);
			runOnlyForDeploymentPostprocessing = 0;
		};
/* End PBXFrameworksBuildPhase section */

/* Begin PBXGroup section */
		51CD64A128D016E4009A6D66 = {
			isa = PBXGroup;
			children = (
				51CD64AC28D016E4009A6D66 /* StarbucksHomeScreenRemake */,
				51CD64C328D016E7009A6D66 /* StarbucksHomeScreenRemakeTests */,
				51CD64CD28D016E7009A6D66 /* StarbucksHomeScreenRemakeUITests */,
				51CD64AB28D016E4009A6D66 /* Products */,
			);
			sourceTree = "<group>";
		};
		51CD64AB28D016E4009A6D66 /* Products */ = {
			isa = PBXGroup;
			children = (
				51CD64AA28D016E4009A6D66 /* StarbucksHomeScreenRemake.app */,
				51CD64C028D016E7009A6D66 /* StarbucksHomeScreenRemakeTests.xctest */,
				51CD64CA28D016E7009A6D66 /* StarbucksHomeScreenRemakeUITests.xctest */,
			);
			name = Products;
			sourceTree = "<group>";
		};
		51CD64AC28D016E4009A6D66 /* StarbucksHomeScreenRemake */ = {
			isa = PBXGroup;
			children = (
				51CD64DD28D017EF009A6D66 /* Files */,
				51CD64E428D05627009A6D66 /* Home */,
				51CD64E228D0272F009A6D66 /* MainTabBarController.swift */,
				51CD64E028D02014009A6D66 /* ScanViewController.swift */,
			);
			path = StarbucksHomeScreenRemake;
			sourceTree = "<group>";
		};
		51CD64C328D016E7009A6D66 /* StarbucksHomeScreenRemakeTests */ = {
			isa = PBXGroup;
			children = (
				51CD64C428D016E7009A6D66 /* StarbucksHomeScreenRemakeTests.swift */,
			);
			path = StarbucksHomeScreenRemakeTests;
			sourceTree = "<group>";
		};
		51CD64CD28D016E7009A6D66 /* StarbucksHomeScreenRemakeUITests */ = {
			isa = PBXGroup;
			children = (
				51CD64CE28D016E7009A6D66 /* StarbucksHomeScreenRemakeUITests.swift */,
				51CD64D028D016E7009A6D66 /* StarbucksHomeScreenRemakeUITestsLaunchTests.swift */,
			);
			path = StarbucksHomeScreenRemakeUITests;
			sourceTree = "<group>";
		};
		51CD64DD28D017EF009A6D66 /* Files */ = {
			isa = PBXGroup;
			children = (
				51CD64AD28D016E4009A6D66 /* AppDelegate.swift */,
				51CD64AF28D016E4009A6D66 /* SceneDelegate.swift */,
				51CD64B328D016E4009A6D66 /* Main.storyboard */,
				51CD64B628D016E7009A6D66 /* Assets.xcassets */,
				51CD64B828D016E7009A6D66 /* LaunchScreen.storyboard */,
				51CD64BB28D016E7009A6D66 /* Info.plist */,
			);
			name = Files;
			sourceTree = "<group>";
		};
		51CD64E428D05627009A6D66 /* Home */ = {
			isa = PBXGroup;
			children = (
				51D9F9B828D440FB009672C1 /* StarRewards */,
				51D9F9AF28D2B397009672C1 /* Rewards */,
				51CD64B128D016E4009A6D66 /* HomeViewController.swift */,
				51CD64E728D08C47009A6D66 /* Factories.swift */,
				51CD64E528D056D8009A6D66 /* HomeHeaderView.swift */,
				51CD64E928D15725009A6D66 /* PlaceholderVc.swift */,
				51CD64EB28D1714B009A6D66 /* TileViewController.swift */,
				51CD64ED28D17255009A6D66 /* TileView.swift */,
			);
			name = Home;
			sourceTree = "<group>";
		};
		51D9F9AF28D2B397009672C1 /* Rewards */ = {
			isa = PBXGroup;
			children = (
				51D9F9B028D2B479009672C1 /* RewardsTileViewController.swift */,
				51D9F9B228D2B48B009672C1 /* RewardTileView.swift */,
				51D9F9B628D4096A009672C1 /* RewardsGraphView.swift */,
				51D9F9B428D2BAE3009672C1 /* BalanceView.swift */,
			);
			name = Rewards;
			sourceTree = "<group>";
		};
		51D9F9B828D440FB009672C1 /* StarRewards */ = {
			isa = PBXGroup;
			children = (
				51D9F9B928D4414B009672C1 /* StarAndPoints.swift */,
				51D9F9BB28D44622009672C1 /* StarRewardsRow.swift */,
				51D9F9BD28D44E2E009672C1 /* StarRewardsView.swift */,
			);
			name = StarRewards;
			sourceTree = "<group>";
		};
/* End PBXGroup section */

/* Begin PBXNativeTarget section */
		51CD64A928D016E4009A6D66 /* StarbucksHomeScreenRemake */ = {
			isa = PBXNativeTarget;
			buildConfigurationList = 51CD64D428D016E7009A6D66 /* Build configuration list for PBXNativeTarget "StarbucksHomeScreenRemake" */;
			buildPhases = (
				51CD64A628D016E4009A6D66 /* Sources */,
				51CD64A728D016E4009A6D66 /* Frameworks */,
				51CD64A828D016E4009A6D66 /* Resources */,
			);
			buildRules = (
			);
			dependencies = (
			);
			name = StarbucksHomeScreenRemake;
			productName = StarbucksHomeScreenRemake;
			productReference = 51CD64AA28D016E4009A6D66 /* StarbucksHomeScreenRemake.app */;
			productType = "com.apple.product-type.application";
		};
		51CD64BF28D016E7009A6D66 /* StarbucksHomeScreenRemakeTests */ = {
			isa = PBXNativeTarget;
			buildConfigurationList = 51CD64D728D016E7009A6D66 /* Build configuration list for PBXNativeTarget "StarbucksHomeScreenRemakeTests" */;
			buildPhases = (
				51CD64BC28D016E7009A6D66 /* Sources */,
				51CD64BD28D016E7009A6D66 /* Frameworks */,
				51CD64BE28D016E7009A6D66 /* Resources */,
			);
			buildRules = (
			);
			dependencies = (
				51CD64C228D016E7009A6D66 /* PBXTargetDependency */,
			);
			name = StarbucksHomeScreenRemakeTests;
			productName = StarbucksHomeScreenRemakeTests;
			productReference = 51CD64C028D016E7009A6D66 /* StarbucksHomeScreenRemakeTests.xctest */;
			productType = "com.apple.product-type.bundle.unit-test";
		};
		51CD64C928D016E7009A6D66 /* StarbucksHomeScreenRemakeUITests */ = {
			isa = PBXNativeTarget;
			buildConfigurationList = 51CD64DA28D016E7009A6D66 /* Build configuration list for PBXNativeTarget "StarbucksHomeScreenRemakeUITests" */;
			buildPhases = (
				51CD64C628D016E7009A6D66 /* Sources */,
				51CD64C728D016E7009A6D66 /* Frameworks */,
				51CD64C828D016E7009A6D66 /* Resources */,
			);
			buildRules = (
			);
			dependencies = (
				51CD64CC28D016E7009A6D66 /* PBXTargetDependency */,
			);
			name = StarbucksHomeScreenRemakeUITests;
			productName = StarbucksHomeScreenRemakeUITests;
			productReference = 51CD64CA28D016E7009A6D66 /* StarbucksHomeScreenRemakeUITests.xctest */;
			productType = "com.apple.product-type.bundle.ui-testing";
		};
/* End PBXNativeTarget section */

/* Begin PBXProject section */
		51CD64A228D016E4009A6D66 /* Project object */ = {
			isa = PBXProject;
			attributes = {
				BuildIndependentTargetsInParallel = 1;
				LastSwiftUpdateCheck = 1340;
				LastUpgradeCheck = 1340;
				TargetAttributes = {
					51CD64A928D016E4009A6D66 = {
						CreatedOnToolsVersion = 13.4.1;
					};
					51CD64BF28D016E7009A6D66 = {
						CreatedOnToolsVersion = 13.4.1;
						TestTargetID = 51CD64A928D016E4009A6D66;
					};
					51CD64C928D016E7009A6D66 = {
						CreatedOnToolsVersion = 13.4.1;
						TestTargetID = 51CD64A928D016E4009A6D66;
					};
				};
			};
			buildConfigurationList = 51CD64A528D016E4009A6D66 /* Build configuration list for PBXProject "StarbucksHomeScreenRemake" */;
			compatibilityVersion = "Xcode 13.0";
			developmentRegion = en;
			hasScannedForEncodings = 0;
			knownRegions = (
				en,
				Base,
			);
			mainGroup = 51CD64A128D016E4009A6D66;
			productRefGroup = 51CD64AB28D016E4009A6D66 /* Products */;
			projectDirPath = "";
			projectRoot = "";
			targets = (
				51CD64A928D016E4009A6D66 /* StarbucksHomeScreenRemake */,
				51CD64BF28D016E7009A6D66 /* StarbucksHomeScreenRemakeTests */,
				51CD64C928D016E7009A6D66 /* StarbucksHomeScreenRemakeUITests */,
			);
		};
/* End PBXProject section */

/* Begin PBXResourcesBuildPhase section */
		51CD64A828D016E4009A6D66 /* Resources */ = {
			isa = PBXResourcesBuildPhase;
			buildActionMask = 2147483647;
			files = (
				51CD64BA28D016E7009A6D66 /* LaunchScreen.storyboard in Resources */,
				51CD64B728D016E7009A6D66 /* Assets.xcassets in Resources */,
				51CD64B528D016E4009A6D66 /* Main.storyboard in Resources */,
			);
			runOnlyForDeploymentPostprocessing = 0;
		};
		51CD64BE28D016E7009A6D66 /* Resources */ = {
			isa = PBXResourcesBuildPhase;
			buildActionMask = 2147483647;
			files = (
			);
			runOnlyForDeploymentPostprocessing = 0;
		};
		51CD64C828D016E7009A6D66 /* Resources */ = {
			isa = PBXResourcesBuildPhase;
			buildActionMask = 2147483647;
			files = (
			);
			runOnlyForDeploymentPostprocessing = 0;
		};
/* End PBXResourcesBuildPhase section */

/* Begin PBXSourcesBuildPhase section */
		51CD64A628D016E4009A6D66 /* Sources */ = {
			isa = PBXSourcesBuildPhase;
			buildActionMask = 2147483647;
			files = (
				51D9F9B128D2B479009672C1 /* RewardsTileViewController.swift in Sources */,
				51CD64E828D08C48009A6D66 /* Factories.swift in Sources */,
				51CD64E628D056D8009A6D66 /* HomeHeaderView.swift in Sources */,
				51CD64EC28D1714B009A6D66 /* TileViewController.swift in Sources */,
				51D9F9BE28D44E2E009672C1 /* StarRewardsView.swift in Sources */,
				51D9F9BA28D4414B009672C1 /* StarAndPoints.swift in Sources */,
				51CD64B228D016E4009A6D66 /* HomeViewController.swift in Sources */,
				51CD64E128D02014009A6D66 /* ScanViewController.swift in Sources */,
				51CD64E328D0272F009A6D66 /* MainTabBarController.swift in Sources */,
				51D9F9B328D2B48B009672C1 /* RewardTileView.swift in Sources */,
				51D9F9BC28D44622009672C1 /* StarRewardsRow.swift in Sources */,
				51CD64AE28D016E4009A6D66 /* AppDelegate.swift in Sources */,
				51CD64EA28D15725009A6D66 /* PlaceholderVc.swift in Sources */,
				51CD64EE28D17255009A6D66 /* TileView.swift in Sources */,
				51CD64B028D016E4009A6D66 /* SceneDelegate.swift in Sources */,
				51D9F9B728D4096A009672C1 /* RewardsGraphView.swift in Sources */,
				51D9F9B528D2BAE3009672C1 /* BalanceView.swift in Sources */,
			);
			runOnlyForDeploymentPostprocessing = 0;
		};
		51CD64BC28D016E7009A6D66 /* Sources */ = {
			isa = PBXSourcesBuildPhase;
			buildActionMask = 2147483647;
			files = (
				51CD64C528D016E7009A6D66 /* StarbucksHomeScreenRemakeTests.swift in Sources */,
			);
			runOnlyForDeploymentPostprocessing = 0;
		};
		51CD64C628D016E7009A6D66 /* Sources */ = {
			isa = PBXSourcesBuildPhase;
			buildActionMask = 2147483647;
			files = (
				51CD64CF28D016E7009A6D66 /* StarbucksHomeScreenRemakeUITests.swift in Sources */,
				51CD64D128D016E7009A6D66 /* StarbucksHomeScreenRemakeUITestsLaunchTests.swift in Sources */,
			);
			runOnlyForDeploymentPostprocessing = 0;
		};
/* End PBXSourcesBuildPhase section */

/* Begin PBXTargetDependency section */
		51CD64C228D016E7009A6D66 /* PBXTargetDependency */ = {
			isa = PBXTargetDependency;
			target = 51CD64A928D016E4009A6D66 /* StarbucksHomeScreenRemake */;
			targetProxy = 51CD64C128D016E7009A6D66 /* PBXContainerItemProxy */;
		};
		51CD64CC28D016E7009A6D66 /* PBXTargetDependency */ = {
			isa = PBXTargetDependency;
			target = 51CD64A928D016E4009A6D66 /* StarbucksHomeScreenRemake */;
			targetProxy = 51CD64CB28D016E7009A6D66 /* PBXContainerItemProxy */;
		};
/* End PBXTargetDependency section */

/* Begin PBXVariantGroup section */
		51CD64B328D016E4009A6D66 /* Main.storyboard */ = {
			isa = PBXVariantGroup;
			children = (
				51CD64B428D016E4009A6D66 /* Base */,
			);
			name = Main.storyboard;
			sourceTree = "<group>";
		};
		51CD64B828D016E7009A6D66 /* LaunchScreen.storyboard */ = {
			isa = PBXVariantGroup;
			children = (
				51CD64B928D016E7009A6D66 /* Base */,
			);
			name = LaunchScreen.storyboard;
			sourceTree = "<group>";
		};
/* End PBXVariantGroup section */

/* Begin XCBuildConfiguration section */
		51CD64D228D016E7009A6D66 /* Debug */ = {
			isa = XCBuildConfiguration;
			buildSettings = {
				ALWAYS_SEARCH_USER_PATHS = NO;
				CLANG_ANALYZER_NONNULL = YES;
				CLANG_ANALYZER_NUMBER_OBJECT_CONVERSION = YES_AGGRESSIVE;
				CLANG_CXX_LANGUAGE_STANDARD = "gnu++17";
				CLANG_ENABLE_MODULES = YES;
				CLANG_ENABLE_OBJC_ARC = YES;
				CLANG_ENABLE_OBJC_WEAK = YES;
				CLANG_WARN_BLOCK_CAPTURE_AUTORELEASING = YES;
				CLANG_WARN_BOOL_CONVERSION = YES;
				CLANG_WARN_COMMA = YES;
				CLANG_WARN_CONSTANT_CONVERSION = YES;
				CLANG_WARN_DEPRECATED_OBJC_IMPLEMENTATIONS = YES;
				CLANG_WARN_DIRECT_OBJC_ISA_USAGE = YES_ERROR;
				CLANG_WARN_DOCUMENTATION_COMMENTS = YES;
				CLANG_WARN_EMPTY_BODY = YES;
				CLANG_WARN_ENUM_CONVERSION = YES;
				CLANG_WARN_INFINITE_RECURSION = YES;
				CLANG_WARN_INT_CONVERSION = YES;
				CLANG_WARN_NON_LITERAL_NULL_CONVERSION = YES;
				CLANG_WARN_OBJC_IMPLICIT_RETAIN_SELF = YES;
				CLANG_WARN_OBJC_LITERAL_CONVERSION = YES;
				CLANG_WARN_OBJC_ROOT_CLASS = YES_ERROR;
				CLANG_WARN_QUOTED_INCLUDE_IN_FRAMEWORK_HEADER = YES;
				CLANG_WARN_RANGE_LOOP_ANALYSIS = YES;
				CLANG_WARN_STRICT_PROTOTYPES = YES;
				CLANG_WARN_SUSPICIOUS_MOVE = YES;
				CLANG_WARN_UNGUARDED_AVAILABILITY = YES_AGGRESSIVE;
				CLANG_WARN_UNREACHABLE_CODE = YES;
				CLANG_WARN__DUPLICATE_METHOD_MATCH = YES;
				COPY_PHASE_STRIP = NO;
				DEBUG_INFORMATION_FORMAT = dwarf;
				ENABLE_STRICT_OBJC_MSGSEND = YES;
				ENABLE_TESTABILITY = YES;
				GCC_C_LANGUAGE_STANDARD = gnu11;
				GCC_DYNAMIC_NO_PIC = NO;
				GCC_NO_COMMON_BLOCKS = YES;
				GCC_OPTIMIZATION_LEVEL = 0;
				GCC_PREPROCESSOR_DEFINITIONS = (
					"DEBUG=1",
					"$(inherited)",
				);
				GCC_WARN_64_TO_32_BIT_CONVERSION = YES;
				GCC_WARN_ABOUT_RETURN_TYPE = YES_ERROR;
				GCC_WARN_UNDECLARED_SELECTOR = YES;
				GCC_WARN_UNINITIALIZED_AUTOS = YES_AGGRESSIVE;
				GCC_WARN_UNUSED_FUNCTION = YES;
				GCC_WARN_UNUSED_VARIABLE = YES;
				IPHONEOS_DEPLOYMENT_TARGET = 15.5;
				MTL_ENABLE_DEBUG_INFO = INCLUDE_SOURCE;
				MTL_FAST_MATH = YES;
				ONLY_ACTIVE_ARCH = YES;
				SDKROOT = iphoneos;
				SWIFT_ACTIVE_COMPILATION_CONDITIONS = DEBUG;
				SWIFT_OPTIMIZATION_LEVEL = "-Onone";
			};
			name = Debug;
		};
		51CD64D328D016E7009A6D66 /* Release */ = {
			isa = XCBuildConfiguration;
			buildSettings = {
				ALWAYS_SEARCH_USER_PATHS = NO;
				CLANG_ANALYZER_NONNULL = YES;
				CLANG_ANALYZER_NUMBER_OBJECT_CONVERSION = YES_AGGRESSIVE;
				CLANG_CXX_LANGUAGE_STANDARD = "gnu++17";
				CLANG_ENABLE_MODULES = YES;
				CLANG_ENABLE_OBJC_ARC = YES;
				CLANG_ENABLE_OBJC_WEAK = YES;
				CLANG_WARN_BLOCK_CAPTURE_AUTORELEASING = YES;
				CLANG_WARN_BOOL_CONVERSION = YES;
				CLANG_WARN_COMMA = YES;
				CLANG_WARN_CONSTANT_CONVERSION = YES;
				CLANG_WARN_DEPRECATED_OBJC_IMPLEMENTATIONS = YES;
				CLANG_WARN_DIRECT_OBJC_ISA_USAGE = YES_ERROR;
				CLANG_WARN_DOCUMENTATION_COMMENTS = YES;
				CLANG_WARN_EMPTY_BODY = YES;
				CLANG_WARN_ENUM_CONVERSION = YES;
				CLANG_WARN_INFINITE_RECURSION = YES;
				CLANG_WARN_INT_CONVERSION = YES;
				CLANG_WARN_NON_LITERAL_NULL_CONVERSION = YES;
				CLANG_WARN_OBJC_IMPLICIT_RETAIN_SELF = YES;
				CLANG_WARN_OBJC_LITERAL_CONVERSION = YES;
				CLANG_WARN_OBJC_ROOT_CLASS = YES_ERROR;
				CLANG_WARN_QUOTED_INCLUDE_IN_FRAMEWORK_HEADER = YES;
				CLANG_WARN_RANGE_LOOP_ANALYSIS = YES;
				CLANG_WARN_STRICT_PROTOTYPES = YES;
				CLANG_WARN_SUSPICIOUS_MOVE = YES;
				CLANG_WARN_UNGUARDED_AVAILABILITY = YES_AGGRESSIVE;
				CLANG_WARN_UNREACHABLE_CODE = YES;
				CLANG_WARN__DUPLICATE_METHOD_MATCH = YES;
				COPY_PHASE_STRIP = NO;
				DEBUG_INFORMATION_FORMAT = "dwarf-with-dsym";
				ENABLE_NS_ASSERTIONS = NO;
				ENABLE_STRICT_OBJC_MSGSEND = YES;
				GCC_C_LANGUAGE_STANDARD = gnu11;
				GCC_NO_COMMON_BLOCKS = YES;
				GCC_WARN_64_TO_32_BIT_CONVERSION = YES;
				GCC_WARN_ABOUT_RETURN_TYPE = YES_ERROR;
				GCC_WARN_UNDECLARED_SELECTOR = YES;
				GCC_WARN_UNINITIALIZED_AUTOS = YES_AGGRESSIVE;
				GCC_WARN_UNUSED_FUNCTION = YES;
				GCC_WARN_UNUSED_VARIABLE = YES;
				IPHONEOS_DEPLOYMENT_TARGET = 15.5;
				MTL_ENABLE_DEBUG_INFO = NO;
				MTL_FAST_MATH = YES;
				SDKROOT = iphoneos;
				SWIFT_COMPILATION_MODE = wholemodule;
				SWIFT_OPTIMIZATION_LEVEL = "-O";
				VALIDATE_PRODUCT = YES;
			};
			name = Release;
		};
		51CD64D528D016E7009A6D66 /* Debug */ = {
			isa = XCBuildConfiguration;
			buildSettings = {
				ASSETCATALOG_COMPILER_APPICON_NAME = AppIcon;
				ASSETCATALOG_COMPILER_GLOBAL_ACCENT_COLOR_NAME = AccentColor;
				CODE_SIGN_STYLE = Automatic;
				CURRENT_PROJECT_VERSION = 1;
				DEVELOPMENT_TEAM = M5JCS9BP69;
				GENERATE_INFOPLIST_FILE = YES;
				INFOPLIST_FILE = StarbucksHomeScreenRemake/Info.plist;
				INFOPLIST_KEY_UIApplicationSupportsIndirectInputEvents = YES;
				INFOPLIST_KEY_UILaunchStoryboardName = LaunchScreen;
				INFOPLIST_KEY_UIMainStoryboardFile = Main;
				INFOPLIST_KEY_UISupportedInterfaceOrientations_iPad = "UIInterfaceOrientationPortrait UIInterfaceOrientationPortraitUpsideDown UIInterfaceOrientationLandscapeLeft UIInterfaceOrientationLandscapeRight";
				INFOPLIST_KEY_UISupportedInterfaceOrientations_iPhone = "UIInterfaceOrientationPortrait UIInterfaceOrientationLandscapeLeft UIInterfaceOrientationLandscapeRight";
				LD_RUNPATH_SEARCH_PATHS = (
					"$(inherited)",
					"@executable_path/Frameworks",
				);
				MARKETING_VERSION = 1.0;
				PRODUCT_BUNDLE_IDENTIFIER = com.salehmasum.StarbucksHomeScreenRemake;
				PRODUCT_NAME = "$(TARGET_NAME)";
				SWIFT_EMIT_LOC_STRINGS = YES;
				SWIFT_VERSION = 5.0;
				TARGETED_DEVICE_FAMILY = "1,2";
			};
			name = Debug;
		};
		51CD64D628D016E7009A6D66 /* Release */ = {
			isa = XCBuildConfiguration;
			buildSettings = {
				ASSETCATALOG_COMPILER_APPICON_NAME = AppIcon;
				ASSETCATALOG_COMPILER_GLOBAL_ACCENT_COLOR_NAME = AccentColor;
				CODE_SIGN_STYLE = Automatic;
				CURRENT_PROJECT_VERSION = 1;
				DEVELOPMENT_TEAM = M5JCS9BP69;
				GENERATE_INFOPLIST_FILE = YES;
				INFOPLIST_FILE = StarbucksHomeScreenRemake/Info.plist;
				INFOPLIST_KEY_UIApplicationSupportsIndirectInputEvents = YES;
				INFOPLIST_KEY_UILaunchStoryboardName = LaunchScreen;
				INFOPLIST_KEY_UIMainStoryboardFile = Main;
				INFOPLIST_KEY_UISupportedInterfaceOrientations_iPad = "UIInterfaceOrientationPortrait UIInterfaceOrientationPortraitUpsideDown UIInterfaceOrientationLandscapeLeft UIInterfaceOrientationLandscapeRight";
				INFOPLIST_KEY_UISupportedInterfaceOrientations_iPhone = "UIInterfaceOrientationPortrait UIInterfaceOrientationLandscapeLeft UIInterfaceOrientationLandscapeRight";
				LD_RUNPATH_SEARCH_PATHS = (
					"$(inherited)",
					"@executable_path/Frameworks",
				);
				MARKETING_VERSION = 1.0;
				PRODUCT_BUNDLE_IDENTIFIER = com.salehmasum.StarbucksHomeScreenRemake;
				PRODUCT_NAME = "$(TARGET_NAME)";
				SWIFT_EMIT_LOC_STRINGS = YES;
				SWIFT_VERSION = 5.0;
				TARGETED_DEVICE_FAMILY = "1,2";
			};
			name = Release;
		};
		51CD64D828D016E7009A6D66 /* Debug */ = {
			isa = XCBuildConfiguration;
			buildSettings = {
				ALWAYS_EMBED_SWIFT_STANDARD_LIBRARIES = YES;
				BUNDLE_LOADER = "$(TEST_HOST)";
				CODE_SIGN_STYLE = Automatic;
				CURRENT_PROJECT_VERSION = 1;
				DEVELOPMENT_TEAM = M5JCS9BP69;
				GENERATE_INFOPLIST_FILE = YES;
				IPHONEOS_DEPLOYMENT_TARGET = 15.5;
				MARKETING_VERSION = 1.0;
				PRODUCT_BUNDLE_IDENTIFIER = com.salehmasum.StarbucksHomeScreenRemakeTests;
				PRODUCT_NAME = "$(TARGET_NAME)";
				SWIFT_EMIT_LOC_STRINGS = NO;
				SWIFT_VERSION = 5.0;
				TARGETED_DEVICE_FAMILY = "1,2";
				TEST_HOST = "$(BUILT_PRODUCTS_DIR)/StarbucksHomeScreenRemake.app/StarbucksHomeScreenRemake";
			};
			name = Debug;
		};
		51CD64D928D016E7009A6D66 /* Release */ = {
			isa = XCBuildConfiguration;
			buildSettings = {
				ALWAYS_EMBED_SWIFT_STANDARD_LIBRARIES = YES;
				BUNDLE_LOADER = "$(TEST_HOST)";
				CODE_SIGN_STYLE = Automatic;
				CURRENT_PROJECT_VERSION = 1;
				DEVELOPMENT_TEAM = M5JCS9BP69;
				GENERATE_INFOPLIST_FILE = YES;
				IPHONEOS_DEPLOYMENT_TARGET = 15.5;
				MARKETING_VERSION = 1.0;
				PRODUCT_BUNDLE_IDENTIFIER = com.salehmasum.StarbucksHomeScreenRemakeTests;
				PRODUCT_NAME = "$(TARGET_NAME)";
				SWIFT_EMIT_LOC_STRINGS = NO;
				SWIFT_VERSION = 5.0;
				TARGETED_DEVICE_FAMILY = "1,2";
				TEST_HOST = "$(BUILT_PRODUCTS_DIR)/StarbucksHomeScreenRemake.app/StarbucksHomeScreenRemake";
			};
			name = Release;
		};
		51CD64DB28D016E7009A6D66 /* Debug */ = {
			isa = XCBuildConfiguration;
			buildSettings = {
				ALWAYS_EMBED_SWIFT_STANDARD_LIBRARIES = YES;
				CODE_SIGN_STYLE = Automatic;
				CURRENT_PROJECT_VERSION = 1;
				DEVELOPMENT_TEAM = M5JCS9BP69;
				GENERATE_INFOPLIST_FILE = YES;
				MARKETING_VERSION = 1.0;
				PRODUCT_BUNDLE_IDENTIFIER = com.salehmasum.StarbucksHomeScreenRemakeUITests;
				PRODUCT_NAME = "$(TARGET_NAME)";
				SWIFT_EMIT_LOC_STRINGS = NO;
				SWIFT_VERSION = 5.0;
				TARGETED_DEVICE_FAMILY = "1,2";
				TEST_TARGET_NAME = StarbucksHomeScreenRemake;
			};
			name = Debug;
		};
		51CD64DC28D016E7009A6D66 /* Release */ = {
			isa = XCBuildConfiguration;
			buildSettings = {
				ALWAYS_EMBED_SWIFT_STANDARD_LIBRARIES = YES;
				CODE_SIGN_STYLE = Automatic;
				CURRENT_PROJECT_VERSION = 1;
				DEVELOPMENT_TEAM = M5JCS9BP69;
				GENERATE_INFOPLIST_FILE = YES;
				MARKETING_VERSION = 1.0;
				PRODUCT_BUNDLE_IDENTIFIER = com.salehmasum.StarbucksHomeScreenRemakeUITests;
				PRODUCT_NAME = "$(TARGET_NAME)";
				SWIFT_EMIT_LOC_STRINGS = NO;
				SWIFT_VERSION = 5.0;
				TARGETED_DEVICE_FAMILY = "1,2";
				TEST_TARGET_NAME = StarbucksHomeScreenRemake;
			};
			name = Release;
		};
/* End XCBuildConfiguration section */

/* Begin XCConfigurationList section */
		51CD64A528D016E4009A6D66 /* Build configuration list for PBXProject "StarbucksHomeScreenRemake" */ = {
			isa = XCConfigurationList;
			buildConfigurations = (
				51CD64D228D016E7009A6D66 /* Debug */,
				51CD64D328D016E7009A6D66 /* Release */,
			);
			defaultConfigurationIsVisible = 0;
			defaultConfigurationName = Release;
		};
		51CD64D428D016E7009A6D66 /* Build configuration list for PBXNativeTarget "StarbucksHomeScreenRemake" */ = {
			isa = XCConfigurationList;
			buildConfigurations = (
				51CD64D528D016E7009A6D66 /* Debug */,
				51CD64D628D016E7009A6D66 /* Release */,
			);
			defaultConfigurationIsVisible = 0;
			defaultConfigurationName = Release;
		};
		51CD64D728D016E7009A6D66 /* Build configuration list for PBXNativeTarget "StarbucksHomeScreenRemakeTests" */ = {
			isa = XCConfigurationList;
			buildConfigurations = (
				51CD64D828D016E7009A6D66 /* Debug */,
				51CD64D928D016E7009A6D66 /* Release */,
			);
			defaultConfigurationIsVisible = 0;
			defaultConfigurationName = Release;
		};
		51CD64DA28D016E7009A6D66 /* Build configuration list for PBXNativeTarget "StarbucksHomeScreenRemakeUITests" */ = {
			isa = XCConfigurationList;
			buildConfigurations = (
				51CD64DB28D016E7009A6D66 /* Debug */,
				51CD64DC28D016E7009A6D66 /* Release */,
			);
			defaultConfigurationIsVisible = 0;
			defaultConfigurationName = Release;
		};
/* End XCConfigurationList section */
	};
	rootObject = 51CD64A228D016E4009A6D66 /* Project object */;
}
